
Microsoft Visual Studio Solution File, Format Version 12.00
# Visual Studio Express 2012 for Windows Desktop
Project("{FAE04EC0-301F-11D3-BF4B-00C04F79EFBC}") = "Soal UTS No 2", "Soal UTS No 2\Soal UTS No 2.csproj", "{3ABF5E4B-3829-4C46-8547-CBF86CB72A5B}"
EndProject
Global
	GlobalSection(SolutionConfigurationPlatforms) = preSolution
		Debug|Any CPU = Debug|Any CPU
		Release|Any CPU = Release|Any CPU
	EndGlobalSection
	GlobalSection(ProjectConfigurationPlatforms) = postSolution
		{3ABF5E4B-3829-4C46-8547-CBF86CB72A5B}.Debug|Any CPU.ActiveCfg = Debug|Any CPU
		{3ABF5E4B-3829-4C46-8547-CBF86CB72A5B}.Debug|Any CPU.Build.0 = Debug|Any CPU
		{3ABF5E4B-3829-4C46-8547-CBF86CB72A5B}.Release|Any CPU.ActiveCfg = Release|Any CPU
		{3ABF5E4B-3829-4C46-8547-CBF86CB72A5B}.Release|Any CPU.Build.0 = Release|Any CPU
	EndGlobalSection
	GlobalSection(SolutionProperties) = preSolution
		HideSolutionNode = FALSE
	EndGlobalSection
EndGlobal
